// !$*UTF8*$!
{
	archiveVersion = 1;
	classes = {
	};
	objectVersion = 56;
	objects = {

/* Begin PBXBuildFile section */
		A334F4142B793DB900B0EBBC /* PhotoViewUITests.swift in Sources */ = {isa = PBXBuildFile; fileRef = A334F4132B793DB900B0EBBC /* PhotoViewUITests.swift */; };
		A35CF4452B78C5A70001F24A /* MockBreedEndpoint.swift in Sources */ = {isa = PBXBuildFile; fileRef = A35CF4442B78C5A70001F24A /* MockBreedEndpoint.swift */; };
		A35CF4472B78D85F0001F24A /* BreedUseCaseTests.swift in Sources */ = {isa = PBXBuildFile; fileRef = A35CF4462B78D85F0001F24A /* BreedUseCaseTests.swift */; };
		A35CF4492B78D9130001F24A /* MockNetworkService.swift in Sources */ = {isa = PBXBuildFile; fileRef = A35CF4482B78D9130001F24A /* MockNetworkService.swift */; };
		A35CF44B2B78DEF80001F24A /* BreedListViewModelTests.swift in Sources */ = {isa = PBXBuildFile; fileRef = A35CF44A2B78DEF80001F24A /* BreedListViewModelTests.swift */; };
		A35CF44D2B78DFD50001F24A /* MockBreedCoordinator.swift in Sources */ = {isa = PBXBuildFile; fileRef = A35CF44C2B78DFD50001F24A /* MockBreedCoordinator.swift */; };
		A35CF44F2B78E09E0001F24A /* MockBreedUseCase.swift in Sources */ = {isa = PBXBuildFile; fileRef = A35CF44E2B78E09E0001F24A /* MockBreedUseCase.swift */; };
		A35CF4522B78E5150001F24A /* MockData.swift in Sources */ = {isa = PBXBuildFile; fileRef = A35CF4512B78E5150001F24A /* MockData.swift */; };
		A35CF4542B78F1AE0001F24A /* BreedListViewModelLogic.swift in Sources */ = {isa = PBXBuildFile; fileRef = A35CF4532B78F1AE0001F24A /* BreedListViewModelLogic.swift */; };
		A35CF4562B7917BB0001F24A /* BreedDetailViewModelTests.swift in Sources */ = {isa = PBXBuildFile; fileRef = A35CF4552B7917BB0001F24A /* BreedDetailViewModelTests.swift */; };
		A35CF4582B791D3F0001F24A /* BreedListViewModelLogicTests.swift in Sources */ = {isa = PBXBuildFile; fileRef = A35CF4572B791D3F0001F24A /* BreedListViewModelLogicTests.swift */; };
		A35CF45A2B79251E0001F24A /* BreedDetailViewUITests.swift in Sources */ = {isa = PBXBuildFile; fileRef = A35CF4592B79251E0001F24A /* BreedDetailViewUITests.swift */; };
		A35CF45C2B7925C50001F24A /* AccessibilityIdentifiers.swift in Sources */ = {isa = PBXBuildFile; fileRef = A35CF45B2B7925C50001F24A /* AccessibilityIdentifiers.swift */; };
		A35CF45D2B79284D0001F24A /* AccessibilityIdentifiers.swift in Sources */ = {isa = PBXBuildFile; fileRef = A35CF45B2B7925C50001F24A /* AccessibilityIdentifiers.swift */; };
		A3F4AD862B72F85B003538D9 /* AppDelegate.swift in Sources */ = {isa = PBXBuildFile; fileRef = A3F4AD852B72F85B003538D9 /* AppDelegate.swift */; };
		A3F4AD882B72F85B003538D9 /* SceneDelegate.swift in Sources */ = {isa = PBXBuildFile; fileRef = A3F4AD872B72F85B003538D9 /* SceneDelegate.swift */; };
		A3F4AD8A2B72F85B003538D9 /* BreedListViewController.swift in Sources */ = {isa = PBXBuildFile; fileRef = A3F4AD892B72F85B003538D9 /* BreedListViewController.swift */; };
		A3F4AD8F2B72F85D003538D9 /* Assets.xcassets in Resources */ = {isa = PBXBuildFile; fileRef = A3F4AD8E2B72F85D003538D9 /* Assets.xcassets */; };
		A3F4AD922B72F85D003538D9 /* LaunchScreen.storyboard in Resources */ = {isa = PBXBuildFile; fileRef = A3F4AD902B72F85D003538D9 /* LaunchScreen.storyboard */; };
		A3F4ADA72B72F85D003538D9 /* BreedListViewUITests.swift in Sources */ = {isa = PBXBuildFile; fileRef = A3F4ADA62B72F85D003538D9 /* BreedListViewUITests.swift */; };
		A3F4ADA92B72F85D003538D9 /* DogtionaryUITestsLaunchTests.swift in Sources */ = {isa = PBXBuildFile; fileRef = A3F4ADA82B72F85D003538D9 /* DogtionaryUITestsLaunchTests.swift */; };
		A3F4ADB62B72FE9D003538D9 /* .gitignore in Resources */ = {isa = PBXBuildFile; fileRef = A3F4ADB52B72FE9D003538D9 /* .gitignore */; };
		A3F4ADC92B73E2B9003538D9 /* BreedListView.swift in Sources */ = {isa = PBXBuildFile; fileRef = A3F4ADC82B73E2B9003538D9 /* BreedListView.swift */; };
		A3F4ADCB2B73E312003538D9 /* BreedListCell.swift in Sources */ = {isa = PBXBuildFile; fileRef = A3F4ADCA2B73E312003538D9 /* BreedListCell.swift */; };
		A3F4ADCD2B73E6A4003538D9 /* BreedListViewModel.swift in Sources */ = {isa = PBXBuildFile; fileRef = A3F4ADCC2B73E6A4003538D9 /* BreedListViewModel.swift */; };
		A3F4ADCF2B73EA99003538D9 /* BreedListCellItem.swift in Sources */ = {isa = PBXBuildFile; fileRef = A3F4ADCE2B73EA99003538D9 /* BreedListCellItem.swift */; };
		A3F4ADD12B73FDAD003538D9 /* BreedDetailView.swift in Sources */ = {isa = PBXBuildFile; fileRef = A3F4ADD02B73FDAD003538D9 /* BreedDetailView.swift */; };
		A3F4ADD32B73FDBB003538D9 /* BreedDetailViewController.swift in Sources */ = {isa = PBXBuildFile; fileRef = A3F4ADD22B73FDBB003538D9 /* BreedDetailViewController.swift */; };
		A3F4ADD52B73FDD0003538D9 /* BreedDetailCell.swift in Sources */ = {isa = PBXBuildFile; fileRef = A3F4ADD42B73FDD0003538D9 /* BreedDetailCell.swift */; };
		A3F4ADD72B73FDE0003538D9 /* BreedDetailCellItem.swift in Sources */ = {isa = PBXBuildFile; fileRef = A3F4ADD62B73FDE0003538D9 /* BreedDetailCellItem.swift */; };
		A3F4ADD92B73FDEB003538D9 /* BreedDetailViewModel.swift in Sources */ = {isa = PBXBuildFile; fileRef = A3F4ADD82B73FDEB003538D9 /* BreedDetailViewModel.swift */; };
		A3F4ADDB2B74204E003538D9 /* PhotoViewController.swift in Sources */ = {isa = PBXBuildFile; fileRef = A3F4ADDA2B74204E003538D9 /* PhotoViewController.swift */; };
		A3F4ADDD2B742057003538D9 /* PhotoView.swift in Sources */ = {isa = PBXBuildFile; fileRef = A3F4ADDC2B742057003538D9 /* PhotoView.swift */; };
		A3F4ADDF2B74E7FE003538D9 /* Coordinator.swift in Sources */ = {isa = PBXBuildFile; fileRef = A3F4ADDE2B74E7FE003538D9 /* Coordinator.swift */; };
		A3F4ADE12B74E838003538D9 /* AppFlowCoordinator.swift in Sources */ = {isa = PBXBuildFile; fileRef = A3F4ADE02B74E838003538D9 /* AppFlowCoordinator.swift */; };
		A3F4ADE32B74EC2E003538D9 /* BreedCoordinator.swift in Sources */ = {isa = PBXBuildFile; fileRef = A3F4ADE22B74EC2E003538D9 /* BreedCoordinator.swift */; };
		A3F4ADE52B74FCAF003538D9 /* AppFlowCoordinatorDependencyProvider.swift in Sources */ = {isa = PBXBuildFile; fileRef = A3F4ADE42B74FCAF003538D9 /* AppFlowCoordinatorDependencyProvider.swift */; };
		A3F4ADE72B74FCEE003538D9 /* BreedCoordinatorDependencyProviderType.swift in Sources */ = {isa = PBXBuildFile; fileRef = A3F4ADE62B74FCEE003538D9 /* BreedCoordinatorDependencyProviderType.swift */; };
		A3F4ADE92B74FD8F003538D9 /* BreedCoordinatorDependencyProvider.swift in Sources */ = {isa = PBXBuildFile; fileRef = A3F4ADE82B74FD8F003538D9 /* BreedCoordinatorDependencyProvider.swift */; };
		A3F4ADF52B753ABF003538D9 /* BreedListViewModelType.swift in Sources */ = {isa = PBXBuildFile; fileRef = A3F4ADF42B753ABF003538D9 /* BreedListViewModelType.swift */; };
		A3F4ADF72B758807003538D9 /* BreedDetailViewModelType.swift in Sources */ = {isa = PBXBuildFile; fileRef = A3F4ADF62B758807003538D9 /* BreedDetailViewModelType.swift */; };
		A3F4ADF92B764398003538D9 /* Breed.swift in Sources */ = {isa = PBXBuildFile; fileRef = A3F4ADF82B764398003538D9 /* Breed.swift */; };
		A3F4ADFD2B765DEC003538D9 /* String+Extension.swift in Sources */ = {isa = PBXBuildFile; fileRef = A3F4ADFC2B765DEC003538D9 /* String+Extension.swift */; };
		A3F4AE002B767C8D003538D9 /* BreedUserCase.swift in Sources */ = {isa = PBXBuildFile; fileRef = A3F4ADFF2B767C8D003538D9 /* BreedUserCase.swift */; };
		A3F4AE022B768D69003538D9 /* NetworkServiceType.swift in Sources */ = {isa = PBXBuildFile; fileRef = A3F4AE012B768D69003538D9 /* NetworkServiceType.swift */; };
		A3F4AE042B768D81003538D9 /* NetworkService.swift in Sources */ = {isa = PBXBuildFile; fileRef = A3F4AE032B768D81003538D9 /* NetworkService.swift */; };
		A3F4AE062B768D99003538D9 /* Endpoint.swift in Sources */ = {isa = PBXBuildFile; fileRef = A3F4AE052B768D99003538D9 /* Endpoint.swift */; };
		A3F4AE082B768DB1003538D9 /* HTTPMethod.swift in Sources */ = {isa = PBXBuildFile; fileRef = A3F4AE072B768DB1003538D9 /* HTTPMethod.swift */; };
		A3F4AE0A2B768DE8003538D9 /* URLCache+Extension.swift in Sources */ = {isa = PBXBuildFile; fileRef = A3F4AE092B768DE8003538D9 /* URLCache+Extension.swift */; };
		A3F4AE0C2B768DF4003538D9 /* Publisher+Extension.swift in Sources */ = {isa = PBXBuildFile; fileRef = A3F4AE0B2B768DF4003538D9 /* Publisher+Extension.swift */; };
		A3F4AE0E2B768E4D003538D9 /* BreedEndpoint.swift in Sources */ = {isa = PBXBuildFile; fileRef = A3F4AE0D2B768E4D003538D9 /* BreedEndpoint.swift */; };
		A3F4AE132B76C8E4003538D9 /* Kingfisher in Frameworks */ = {isa = PBXBuildFile; productRef = A3F4AE122B76C8E4003538D9 /* Kingfisher */; };
		A3F4AE152B76D814003538D9 /* Array+Extension.swift in Sources */ = {isa = PBXBuildFile; fileRef = A3F4AE142B76D814003538D9 /* Array+Extension.swift */; };
		A3F4AE182B77930C003538D9 /* Response.swift in Sources */ = {isa = PBXBuildFile; fileRef = A3F4AE172B77930C003538D9 /* Response.swift */; };
		A3F4AE1A2B7814B7003538D9 /* BreedUseCaseType.swift in Sources */ = {isa = PBXBuildFile; fileRef = A3F4AE192B7814B7003538D9 /* BreedUseCaseType.swift */; };
		A3F4AE262B7821D0003538D9 /* BreedCoordinatorType.swift in Sources */ = {isa = PBXBuildFile; fileRef = A3F4AE252B7821D0003538D9 /* BreedCoordinatorType.swift */; };
		A3F4AE282B782D1C003538D9 /* AppFlowCoordinatorTests.swift in Sources */ = {isa = PBXBuildFile; fileRef = A3F4AE272B782D1C003538D9 /* AppFlowCoordinatorTests.swift */; };
		A3F4AE2A2B782DEE003538D9 /* MockAppFlowCoordinatorDependencyProvider.swift in Sources */ = {isa = PBXBuildFile; fileRef = A3F4AE292B782DEE003538D9 /* MockAppFlowCoordinatorDependencyProvider.swift */; };
		A3F4AE2C2B783CC6003538D9 /* BreedCoordinatorTests.swift in Sources */ = {isa = PBXBuildFile; fileRef = A3F4AE2B2B783CC6003538D9 /* BreedCoordinatorTests.swift */; };
		A3F4AE2E2B783DB2003538D9 /* MockBreedCoordinatorDependencyProvider.swift in Sources */ = {isa = PBXBuildFile; fileRef = A3F4AE2D2B783DB2003538D9 /* MockBreedCoordinatorDependencyProvider.swift */; };
		A3F4AE312B78B253003538D9 /* URLProtocolMock.swift in Sources */ = {isa = PBXBuildFile; fileRef = A3F4AE302B78B253003538D9 /* URLProtocolMock.swift */; };
		A3F4AE332B78B419003538D9 /* NetworkServiceTests.swift in Sources */ = {isa = PBXBuildFile; fileRef = A3F4AE322B78B419003538D9 /* NetworkServiceTests.swift */; };
		A3F4AE352B78BB81003538D9 /* mockBreeds.json in Resources */ = {isa = PBXBuildFile; fileRef = A3F4AE342B78BB81003538D9 /* mockBreeds.json */; };
		A3F4AE392B78BBAA003538D9 /* mockUrlStrings.json in Resources */ = {isa = PBXBuildFile; fileRef = A3F4AE382B78BBAA003538D9 /* mockUrlStrings.json */; };
/* End PBXBuildFile section */

/* Begin PBXContainerItemProxy section */
		A3F4AD992B72F85D003538D9 /* PBXContainerItemProxy */ = {
			isa = PBXContainerItemProxy;
			containerPortal = A3F4AD7A2B72F85B003538D9 /* Project object */;
			proxyType = 1;
			remoteGlobalIDString = A3F4AD812B72F85B003538D9;
			remoteInfo = Dogtionary;
		};
		A3F4ADA32B72F85D003538D9 /* PBXContainerItemProxy */ = {
			isa = PBXContainerItemProxy;
			containerPortal = A3F4AD7A2B72F85B003538D9 /* Project object */;
			proxyType = 1;
			remoteGlobalIDString = A3F4AD812B72F85B003538D9;
			remoteInfo = Dogtionary;
		};
/* End PBXContainerItemProxy section */

/* Begin PBXFileReference section */
		A334F4132B793DB900B0EBBC /* PhotoViewUITests.swift */ = {isa = PBXFileReference; lastKnownFileType = sourcecode.swift; path = PhotoViewUITests.swift; sourceTree = "<group>"; };
		A35CF4442B78C5A70001F24A /* MockBreedEndpoint.swift */ = {isa = PBXFileReference; lastKnownFileType = sourcecode.swift; path = MockBreedEndpoint.swift; sourceTree = "<group>"; };
		A35CF4462B78D85F0001F24A /* BreedUseCaseTests.swift */ = {isa = PBXFileReference; lastKnownFileType = sourcecode.swift; path = BreedUseCaseTests.swift; sourceTree = "<group>"; };
		A35CF4482B78D9130001F24A /* MockNetworkService.swift */ = {isa = PBXFileReference; lastKnownFileType = sourcecode.swift; path = MockNetworkService.swift; sourceTree = "<group>"; };
		A35CF44A2B78DEF80001F24A /* BreedListViewModelTests.swift */ = {isa = PBXFileReference; lastKnownFileType = sourcecode.swift; path = BreedListViewModelTests.swift; sourceTree = "<group>"; };
		A35CF44C2B78DFD50001F24A /* MockBreedCoordinator.swift */ = {isa = PBXFileReference; lastKnownFileType = sourcecode.swift; path = MockBreedCoordinator.swift; sourceTree = "<group>"; };
		A35CF44E2B78E09E0001F24A /* MockBreedUseCase.swift */ = {isa = PBXFileReference; lastKnownFileType = sourcecode.swift; path = MockBreedUseCase.swift; sourceTree = "<group>"; };
		A35CF4512B78E5150001F24A /* MockData.swift */ = {isa = PBXFileReference; lastKnownFileType = sourcecode.swift; path = MockData.swift; sourceTree = "<group>"; };
		A35CF4532B78F1AE0001F24A /* BreedListViewModelLogic.swift */ = {isa = PBXFileReference; lastKnownFileType = sourcecode.swift; path = BreedListViewModelLogic.swift; sourceTree = "<group>"; };
		A35CF4552B7917BB0001F24A /* BreedDetailViewModelTests.swift */ = {isa = PBXFileReference; lastKnownFileType = sourcecode.swift; path = BreedDetailViewModelTests.swift; sourceTree = "<group>"; };
		A35CF4572B791D3F0001F24A /* BreedListViewModelLogicTests.swift */ = {isa = PBXFileReference; lastKnownFileType = sourcecode.swift; path = BreedListViewModelLogicTests.swift; sourceTree = "<group>"; };
		A35CF4592B79251E0001F24A /* BreedDetailViewUITests.swift */ = {isa = PBXFileReference; lastKnownFileType = sourcecode.swift; path = BreedDetailViewUITests.swift; sourceTree = "<group>"; };
		A35CF45B2B7925C50001F24A /* AccessibilityIdentifiers.swift */ = {isa = PBXFileReference; lastKnownFileType = sourcecode.swift; path = AccessibilityIdentifiers.swift; sourceTree = "<group>"; };
		A3F4AD822B72F85B003538D9 /* Dogtionary.app */ = {isa = PBXFileReference; explicitFileType = wrapper.application; includeInIndex = 0; path = Dogtionary.app; sourceTree = BUILT_PRODUCTS_DIR; };
		A3F4AD852B72F85B003538D9 /* AppDelegate.swift */ = {isa = PBXFileReference; lastKnownFileType = sourcecode.swift; path = AppDelegate.swift; sourceTree = "<group>"; };
		A3F4AD872B72F85B003538D9 /* SceneDelegate.swift */ = {isa = PBXFileReference; lastKnownFileType = sourcecode.swift; path = SceneDelegate.swift; sourceTree = "<group>"; };
		A3F4AD892B72F85B003538D9 /* BreedListViewController.swift */ = {isa = PBXFileReference; lastKnownFileType = sourcecode.swift; path = BreedListViewController.swift; sourceTree = "<group>"; };
		A3F4AD8E2B72F85D003538D9 /* Assets.xcassets */ = {isa = PBXFileReference; lastKnownFileType = folder.assetcatalog; path = Assets.xcassets; sourceTree = "<group>"; };
		A3F4AD912B72F85D003538D9 /* Base */ = {isa = PBXFileReference; lastKnownFileType = file.storyboard; name = Base; path = Base.lproj/LaunchScreen.storyboard; sourceTree = "<group>"; };
		A3F4AD932B72F85D003538D9 /* Info.plist */ = {isa = PBXFileReference; lastKnownFileType = text.plist.xml; path = Info.plist; sourceTree = "<group>"; };
		A3F4AD982B72F85D003538D9 /* DogtionaryTests.xctest */ = {isa = PBXFileReference; explicitFileType = wrapper.cfbundle; includeInIndex = 0; path = DogtionaryTests.xctest; sourceTree = BUILT_PRODUCTS_DIR; };
		A3F4ADA22B72F85D003538D9 /* DogtionaryUITests.xctest */ = {isa = PBXFileReference; explicitFileType = wrapper.cfbundle; includeInIndex = 0; path = DogtionaryUITests.xctest; sourceTree = BUILT_PRODUCTS_DIR; };
		A3F4ADA62B72F85D003538D9 /* BreedListViewUITests.swift */ = {isa = PBXFileReference; lastKnownFileType = sourcecode.swift; path = BreedListViewUITests.swift; sourceTree = "<group>"; };
		A3F4ADA82B72F85D003538D9 /* DogtionaryUITestsLaunchTests.swift */ = {isa = PBXFileReference; lastKnownFileType = sourcecode.swift; path = DogtionaryUITestsLaunchTests.swift; sourceTree = "<group>"; };
		A3F4ADB52B72FE9D003538D9 /* .gitignore */ = {isa = PBXFileReference; fileEncoding = 4; lastKnownFileType = text; path = .gitignore; sourceTree = "<group>"; };
		A3F4ADC82B73E2B9003538D9 /* BreedListView.swift */ = {isa = PBXFileReference; lastKnownFileType = sourcecode.swift; path = BreedListView.swift; sourceTree = "<group>"; };
		A3F4ADCA2B73E312003538D9 /* BreedListCell.swift */ = {isa = PBXFileReference; lastKnownFileType = sourcecode.swift; path = BreedListCell.swift; sourceTree = "<group>"; };
		A3F4ADCC2B73E6A4003538D9 /* BreedListViewModel.swift */ = {isa = PBXFileReference; lastKnownFileType = sourcecode.swift; path = BreedListViewModel.swift; sourceTree = "<group>"; };
		A3F4ADCE2B73EA99003538D9 /* BreedListCellItem.swift */ = {isa = PBXFileReference; lastKnownFileType = sourcecode.swift; path = BreedListCellItem.swift; sourceTree = "<group>"; };
		A3F4ADD02B73FDAD003538D9 /* BreedDetailView.swift */ = {isa = PBXFileReference; lastKnownFileType = sourcecode.swift; path = BreedDetailView.swift; sourceTree = "<group>"; };
		A3F4ADD22B73FDBB003538D9 /* BreedDetailViewController.swift */ = {isa = PBXFileReference; lastKnownFileType = sourcecode.swift; path = BreedDetailViewController.swift; sourceTree = "<group>"; };
		A3F4ADD42B73FDD0003538D9 /* BreedDetailCell.swift */ = {isa = PBXFileReference; lastKnownFileType = sourcecode.swift; path = BreedDetailCell.swift; sourceTree = "<group>"; };
		A3F4ADD62B73FDE0003538D9 /* BreedDetailCellItem.swift */ = {isa = PBXFileReference; lastKnownFileType = sourcecode.swift; path = BreedDetailCellItem.swift; sourceTree = "<group>"; };
		A3F4ADD82B73FDEB003538D9 /* BreedDetailViewModel.swift */ = {isa = PBXFileReference; lastKnownFileType = sourcecode.swift; path = BreedDetailViewModel.swift; sourceTree = "<group>"; };
		A3F4ADDA2B74204E003538D9 /* PhotoViewController.swift */ = {isa = PBXFileReference; lastKnownFileType = sourcecode.swift; path = PhotoViewController.swift; sourceTree = "<group>"; };
		A3F4ADDC2B742057003538D9 /* PhotoView.swift */ = {isa = PBXFileReference; lastKnownFileType = sourcecode.swift; path = PhotoView.swift; sourceTree = "<group>"; };
		A3F4ADDE2B74E7FE003538D9 /* Coordinator.swift */ = {isa = PBXFileReference; lastKnownFileType = sourcecode.swift; path = Coordinator.swift; sourceTree = "<group>"; };
		A3F4ADE02B74E838003538D9 /* AppFlowCoordinator.swift */ = {isa = PBXFileReference; lastKnownFileType = sourcecode.swift; path = AppFlowCoordinator.swift; sourceTree = "<group>"; };
		A3F4ADE22B74EC2E003538D9 /* BreedCoordinator.swift */ = {isa = PBXFileReference; lastKnownFileType = sourcecode.swift; path = BreedCoordinator.swift; sourceTree = "<group>"; };
		A3F4ADE42B74FCAF003538D9 /* AppFlowCoordinatorDependencyProvider.swift */ = {isa = PBXFileReference; lastKnownFileType = sourcecode.swift; path = AppFlowCoordinatorDependencyProvider.swift; sourceTree = "<group>"; };
		A3F4ADE62B74FCEE003538D9 /* BreedCoordinatorDependencyProviderType.swift */ = {isa = PBXFileReference; lastKnownFileType = sourcecode.swift; path = BreedCoordinatorDependencyProviderType.swift; sourceTree = "<group>"; };
		A3F4ADE82B74FD8F003538D9 /* BreedCoordinatorDependencyProvider.swift */ = {isa = PBXFileReference; lastKnownFileType = sourcecode.swift; path = BreedCoordinatorDependencyProvider.swift; sourceTree = "<group>"; };
		A3F4ADF42B753ABF003538D9 /* BreedListViewModelType.swift */ = {isa = PBXFileReference; lastKnownFileType = sourcecode.swift; path = BreedListViewModelType.swift; sourceTree = "<group>"; };
		A3F4ADF62B758807003538D9 /* BreedDetailViewModelType.swift */ = {isa = PBXFileReference; lastKnownFileType = sourcecode.swift; path = BreedDetailViewModelType.swift; sourceTree = "<group>"; };
		A3F4ADF82B764398003538D9 /* Breed.swift */ = {isa = PBXFileReference; lastKnownFileType = sourcecode.swift; path = Breed.swift; sourceTree = "<group>"; };
		A3F4ADFC2B765DEC003538D9 /* String+Extension.swift */ = {isa = PBXFileReference; lastKnownFileType = sourcecode.swift; path = "String+Extension.swift"; sourceTree = "<group>"; };
		A3F4ADFF2B767C8D003538D9 /* BreedUserCase.swift */ = {isa = PBXFileReference; lastKnownFileType = sourcecode.swift; path = BreedUserCase.swift; sourceTree = "<group>"; };
		A3F4AE012B768D69003538D9 /* NetworkServiceType.swift */ = {isa = PBXFileReference; lastKnownFileType = sourcecode.swift; path = NetworkServiceType.swift; sourceTree = "<group>"; };
		A3F4AE032B768D81003538D9 /* NetworkService.swift */ = {isa = PBXFileReference; lastKnownFileType = sourcecode.swift; path = NetworkService.swift; sourceTree = "<group>"; };
		A3F4AE052B768D99003538D9 /* Endpoint.swift */ = {isa = PBXFileReference; lastKnownFileType = sourcecode.swift; path = Endpoint.swift; sourceTree = "<group>"; };
		A3F4AE072B768DB1003538D9 /* HTTPMethod.swift */ = {isa = PBXFileReference; lastKnownFileType = sourcecode.swift; path = HTTPMethod.swift; sourceTree = "<group>"; };
		A3F4AE092B768DE8003538D9 /* URLCache+Extension.swift */ = {isa = PBXFileReference; lastKnownFileType = sourcecode.swift; path = "URLCache+Extension.swift"; sourceTree = "<group>"; };
		A3F4AE0B2B768DF4003538D9 /* Publisher+Extension.swift */ = {isa = PBXFileReference; lastKnownFileType = sourcecode.swift; path = "Publisher+Extension.swift"; sourceTree = "<group>"; };
		A3F4AE0D2B768E4D003538D9 /* BreedEndpoint.swift */ = {isa = PBXFileReference; lastKnownFileType = sourcecode.swift; path = BreedEndpoint.swift; sourceTree = "<group>"; };
		A3F4AE142B76D814003538D9 /* Array+Extension.swift */ = {isa = PBXFileReference; lastKnownFileType = sourcecode.swift; path = "Array+Extension.swift"; sourceTree = "<group>"; };
		A3F4AE172B77930C003538D9 /* Response.swift */ = {isa = PBXFileReference; lastKnownFileType = sourcecode.swift; path = Response.swift; sourceTree = "<group>"; };
		A3F4AE192B7814B7003538D9 /* BreedUseCaseType.swift */ = {isa = PBXFileReference; lastKnownFileType = sourcecode.swift; path = BreedUseCaseType.swift; sourceTree = "<group>"; };
		A3F4AE252B7821D0003538D9 /* BreedCoordinatorType.swift */ = {isa = PBXFileReference; lastKnownFileType = sourcecode.swift; path = BreedCoordinatorType.swift; sourceTree = "<group>"; };
		A3F4AE272B782D1C003538D9 /* AppFlowCoordinatorTests.swift */ = {isa = PBXFileReference; lastKnownFileType = sourcecode.swift; path = AppFlowCoordinatorTests.swift; sourceTree = "<group>"; };
		A3F4AE292B782DEE003538D9 /* MockAppFlowCoordinatorDependencyProvider.swift */ = {isa = PBXFileReference; lastKnownFileType = sourcecode.swift; path = MockAppFlowCoordinatorDependencyProvider.swift; sourceTree = "<group>"; };
		A3F4AE2B2B783CC6003538D9 /* BreedCoordinatorTests.swift */ = {isa = PBXFileReference; lastKnownFileType = sourcecode.swift; path = BreedCoordinatorTests.swift; sourceTree = "<group>"; };
		A3F4AE2D2B783DB2003538D9 /* MockBreedCoordinatorDependencyProvider.swift */ = {isa = PBXFileReference; lastKnownFileType = sourcecode.swift; path = MockBreedCoordinatorDependencyProvider.swift; sourceTree = "<group>"; };
		A3F4AE302B78B253003538D9 /* URLProtocolMock.swift */ = {isa = PBXFileReference; lastKnownFileType = sourcecode.swift; path = URLProtocolMock.swift; sourceTree = "<group>"; };
		A3F4AE322B78B419003538D9 /* NetworkServiceTests.swift */ = {isa = PBXFileReference; lastKnownFileType = sourcecode.swift; path = NetworkServiceTests.swift; sourceTree = "<group>"; };
		A3F4AE342B78BB81003538D9 /* mockBreeds.json */ = {isa = PBXFileReference; lastKnownFileType = text.json; path = mockBreeds.json; sourceTree = "<group>"; };
		A3F4AE382B78BBAA003538D9 /* mockUrlStrings.json */ = {isa = PBXFileReference; lastKnownFileType = text.json; path = mockUrlStrings.json; sourceTree = "<group>"; };
/* End PBXFileReference section */

/* Begin PBXFrameworksBuildPhase section */
		A3F4AD7F2B72F85B003538D9 /* Frameworks */ = {
			isa = PBXFrameworksBuildPhase;
			buildActionMask = 2147483647;
			files = (
				A3F4AE132B76C8E4003538D9 /* Kingfisher in Frameworks */,
			);
			runOnlyForDeploymentPostprocessing = 0;
		};
		A3F4AD952B72F85D003538D9 /* Frameworks */ = {
			isa = PBXFrameworksBuildPhase;
			buildActionMask = 2147483647;
			files = (
			);
			runOnlyForDeploymentPostprocessing = 0;
		};
		A3F4AD9F2B72F85D003538D9 /* Frameworks */ = {
			isa = PBXFrameworksBuildPhase;
			buildActionMask = 2147483647;
			files = (
			);
			runOnlyForDeploymentPostprocessing = 0;
		};
/* End PBXFrameworksBuildPhase section */

/* Begin PBXGroup section */
		A35CF4502B78E2B50001F24A /* JSONs */ = {
			isa = PBXGroup;
			children = (
				A3F4AE342B78BB81003538D9 /* mockBreeds.json */,
				A3F4AE382B78BBAA003538D9 /* mockUrlStrings.json */,
				A35CF4512B78E5150001F24A /* MockData.swift */,
			);
			path = JSONs;
			sourceTree = "<group>";
		};
		A3F4AD792B72F85B003538D9 = {
			isa = PBXGroup;
			children = (
				A3F4ADB52B72FE9D003538D9 /* .gitignore */,
				A3F4AD842B72F85B003538D9 /* Dogtionary */,
				A3F4AD9B2B72F85D003538D9 /* DogtionaryTests */,
				A3F4ADA52B72F85D003538D9 /* DogtionaryUITests */,
				A3F4AD832B72F85B003538D9 /* Products */,
			);
			sourceTree = "<group>";
		};
		A3F4AD832B72F85B003538D9 /* Products */ = {
			isa = PBXGroup;
			children = (
				A3F4AD822B72F85B003538D9 /* Dogtionary.app */,
				A3F4AD982B72F85D003538D9 /* DogtionaryTests.xctest */,
				A3F4ADA22B72F85D003538D9 /* DogtionaryUITests.xctest */,
			);
			name = Products;
			sourceTree = "<group>";
		};
		A3F4AD842B72F85B003538D9 /* Dogtionary */ = {
			isa = PBXGroup;
			children = (
				A3F4AD932B72F85D003538D9 /* Info.plist */,
				A3F4ADB72B730086003538D9 /* Common */,
				A3F4ADB82B730090003538D9 /* Services */,
				A3F4ADFE2B767C75003538D9 /* UseCases */,
				A3F4ADC22B73D654003538D9 /* FlowCoordinators */,
				A3F4ADB92B730099003538D9 /* Features */,
			);
			path = Dogtionary;
			sourceTree = "<group>";
		};
		A3F4AD9B2B72F85D003538D9 /* DogtionaryTests */ = {
			isa = PBXGroup;
			children = (
				A3F4AE2F2B78B1C3003538D9 /* Mocks */,
				A3F4AE272B782D1C003538D9 /* AppFlowCoordinatorTests.swift */,
				A3F4AE2B2B783CC6003538D9 /* BreedCoordinatorTests.swift */,
				A3F4AE322B78B419003538D9 /* NetworkServiceTests.swift */,
				A35CF4462B78D85F0001F24A /* BreedUseCaseTests.swift */,
				A35CF44A2B78DEF80001F24A /* BreedListViewModelTests.swift */,
				A35CF4552B7917BB0001F24A /* BreedDetailViewModelTests.swift */,
				A35CF4572B791D3F0001F24A /* BreedListViewModelLogicTests.swift */,
			);
			path = DogtionaryTests;
			sourceTree = "<group>";
		};
		A3F4ADA52B72F85D003538D9 /* DogtionaryUITests */ = {
			isa = PBXGroup;
			children = (
				A3F4ADA62B72F85D003538D9 /* BreedListViewUITests.swift */,
				A35CF4592B79251E0001F24A /* BreedDetailViewUITests.swift */,
				A334F4132B793DB900B0EBBC /* PhotoViewUITests.swift */,
				A3F4ADA82B72F85D003538D9 /* DogtionaryUITestsLaunchTests.swift */,
			);
			path = DogtionaryUITests;
			sourceTree = "<group>";
		};
		A3F4ADB72B730086003538D9 /* Common */ = {
			isa = PBXGroup;
			children = (
				A3F4AE162B7792FE003538D9 /* Models */,
				A3F4ADFB2B765DE4003538D9 /* Extensions */,
				A3F4ADFA2B765DCC003538D9 /* Utils */,
				A3F4AD852B72F85B003538D9 /* AppDelegate.swift */,
				A3F4AD872B72F85B003538D9 /* SceneDelegate.swift */,
				A3F4AD8E2B72F85D003538D9 /* Assets.xcassets */,
				A3F4AD902B72F85D003538D9 /* LaunchScreen.storyboard */,
			);
			path = Common;
			sourceTree = "<group>";
		};
		A3F4ADB82B730090003538D9 /* Services */ = {
			isa = PBXGroup;
			children = (
				A3F4AE012B768D69003538D9 /* NetworkServiceType.swift */,
				A3F4AE032B768D81003538D9 /* NetworkService.swift */,
				A3F4AE052B768D99003538D9 /* Endpoint.swift */,
				A3F4AE072B768DB1003538D9 /* HTTPMethod.swift */,
			);
			path = Services;
			sourceTree = "<group>";
		};
		A3F4ADB92B730099003538D9 /* Features */ = {
			isa = PBXGroup;
			children = (
				A3F4ADBA2B7300AB003538D9 /* BreedList */,
				A3F4ADBB2B7300B2003538D9 /* BreedDetail */,
				A3F4ADC32B73D9D8003538D9 /* PhotoView */,
			);
			path = Features;
			sourceTree = "<group>";
		};
		A3F4ADBA2B7300AB003538D9 /* BreedList */ = {
			isa = PBXGroup;
			children = (
				A3F4AE1E2B781D8E003538D9 /* Views */,
				A3F4AE1D2B781D84003538D9 /* ViewControllers */,
				A3F4AE1C2B781D7D003538D9 /* ViewModels */,
				A3F4AE1B2B781D74003538D9 /* Models */,
			);
			path = BreedList;
			sourceTree = "<group>";
		};
		A3F4ADBB2B7300B2003538D9 /* BreedDetail */ = {
			isa = PBXGroup;
			children = (
				A3F4AE212B781DD6003538D9 /* Views */,
				A3F4AE202B781DCE003538D9 /* ViewControllers */,
				A3F4AE1F2B781DC7003538D9 /* ViewModels */,
				A3F4AE222B781DF0003538D9 /* Models */,
			);
			path = BreedDetail;
			sourceTree = "<group>";
		};
		A3F4ADC22B73D654003538D9 /* FlowCoordinators */ = {
			isa = PBXGroup;
			children = (
				A3F4ADDE2B74E7FE003538D9 /* Coordinator.swift */,
				A3F4ADED2B752B54003538D9 /* RootCoordinator */,
				A3F4ADEB2B752B26003538D9 /* BreedCoordinator */,
			);
			path = FlowCoordinators;
			sourceTree = "<group>";
		};
		A3F4ADC32B73D9D8003538D9 /* PhotoView */ = {
			isa = PBXGroup;
			children = (
				A3F4AE242B781E13003538D9 /* Views */,
				A3F4AE232B781E0A003538D9 /* ViewControllers */,
			);
			path = PhotoView;
			sourceTree = "<group>";
		};
		A3F4ADEB2B752B26003538D9 /* BreedCoordinator */ = {
			isa = PBXGroup;
			children = (
				A3F4ADE62B74FCEE003538D9 /* BreedCoordinatorDependencyProviderType.swift */,
				A3F4ADE82B74FD8F003538D9 /* BreedCoordinatorDependencyProvider.swift */,
				A3F4AE252B7821D0003538D9 /* BreedCoordinatorType.swift */,
				A3F4ADE22B74EC2E003538D9 /* BreedCoordinator.swift */,
			);
			path = BreedCoordinator;
			sourceTree = "<group>";
		};
		A3F4ADED2B752B54003538D9 /* RootCoordinator */ = {
			isa = PBXGroup;
			children = (
				A3F4ADE42B74FCAF003538D9 /* AppFlowCoordinatorDependencyProvider.swift */,
				A3F4ADE02B74E838003538D9 /* AppFlowCoordinator.swift */,
			);
			path = RootCoordinator;
			sourceTree = "<group>";
		};
		A3F4ADFA2B765DCC003538D9 /* Utils */ = {
			isa = PBXGroup;
			children = (
				A35CF45B2B7925C50001F24A /* AccessibilityIdentifiers.swift */,
			);
			path = Utils;
			sourceTree = "<group>";
		};
		A3F4ADFB2B765DE4003538D9 /* Extensions */ = {
			isa = PBXGroup;
			children = (
				A3F4ADFC2B765DEC003538D9 /* String+Extension.swift */,
				A3F4AE092B768DE8003538D9 /* URLCache+Extension.swift */,
				A3F4AE0B2B768DF4003538D9 /* Publisher+Extension.swift */,
				A3F4AE142B76D814003538D9 /* Array+Extension.swift */,
			);
			path = Extensions;
			sourceTree = "<group>";
		};
		A3F4ADFE2B767C75003538D9 /* UseCases */ = {
			isa = PBXGroup;
			children = (
				A3F4AE192B7814B7003538D9 /* BreedUseCaseType.swift */,
				A3F4ADFF2B767C8D003538D9 /* BreedUserCase.swift */,
			);
			path = UseCases;
			sourceTree = "<group>";
		};
		A3F4AE162B7792FE003538D9 /* Models */ = {
			isa = PBXGroup;
			children = (
				A3F4AE172B77930C003538D9 /* Response.swift */,
			);
			path = Models;
			sourceTree = "<group>";
		};
		A3F4AE1B2B781D74003538D9 /* Models */ = {
			isa = PBXGroup;
			children = (
				A3F4ADCE2B73EA99003538D9 /* BreedListCellItem.swift */,
				A3F4ADF82B764398003538D9 /* Breed.swift */,
			);
			path = Models;
			sourceTree = "<group>";
		};
		A3F4AE1C2B781D7D003538D9 /* ViewModels */ = {
			isa = PBXGroup;
			children = (
				A3F4ADF42B753ABF003538D9 /* BreedListViewModelType.swift */,
				A3F4ADCC2B73E6A4003538D9 /* BreedListViewModel.swift */,
				A3F4AE0D2B768E4D003538D9 /* BreedEndpoint.swift */,
				A35CF4532B78F1AE0001F24A /* BreedListViewModelLogic.swift */,
			);
			path = ViewModels;
			sourceTree = "<group>";
		};
		A3F4AE1D2B781D84003538D9 /* ViewControllers */ = {
			isa = PBXGroup;
			children = (
				A3F4AD892B72F85B003538D9 /* BreedListViewController.swift */,
			);
			path = ViewControllers;
			sourceTree = "<group>";
		};
		A3F4AE1E2B781D8E003538D9 /* Views */ = {
			isa = PBXGroup;
			children = (
				A3F4ADC82B73E2B9003538D9 /* BreedListView.swift */,
				A3F4ADCA2B73E312003538D9 /* BreedListCell.swift */,
			);
			path = Views;
			sourceTree = "<group>";
		};
		A3F4AE1F2B781DC7003538D9 /* ViewModels */ = {
			isa = PBXGroup;
			children = (
				A3F4ADF62B758807003538D9 /* BreedDetailViewModelType.swift */,
				A3F4ADD82B73FDEB003538D9 /* BreedDetailViewModel.swift */,
			);
			path = ViewModels;
			sourceTree = "<group>";
		};
		A3F4AE202B781DCE003538D9 /* ViewControllers */ = {
			isa = PBXGroup;
			children = (
				A3F4ADD22B73FDBB003538D9 /* BreedDetailViewController.swift */,
			);
			path = ViewControllers;
			sourceTree = "<group>";
		};
		A3F4AE212B781DD6003538D9 /* Views */ = {
			isa = PBXGroup;
			children = (
				A3F4ADD02B73FDAD003538D9 /* BreedDetailView.swift */,
				A3F4ADD42B73FDD0003538D9 /* BreedDetailCell.swift */,
			);
			path = Views;
			sourceTree = "<group>";
		};
		A3F4AE222B781DF0003538D9 /* Models */ = {
			isa = PBXGroup;
			children = (
				A3F4ADD62B73FDE0003538D9 /* BreedDetailCellItem.swift */,
			);
			path = Models;
			sourceTree = "<group>";
		};
		A3F4AE232B781E0A003538D9 /* ViewControllers */ = {
			isa = PBXGroup;
			children = (
				A3F4ADDA2B74204E003538D9 /* PhotoViewController.swift */,
			);
			path = ViewControllers;
			sourceTree = "<group>";
		};
		A3F4AE242B781E13003538D9 /* Views */ = {
			isa = PBXGroup;
			children = (
				A3F4ADDC2B742057003538D9 /* PhotoView.swift */,
			);
			path = Views;
			sourceTree = "<group>";
		};
		A3F4AE2F2B78B1C3003538D9 /* Mocks */ = {
			isa = PBXGroup;
			children = (
				A35CF4502B78E2B50001F24A /* JSONs */,
				A3F4AE302B78B253003538D9 /* URLProtocolMock.swift */,
				A3F4AE292B782DEE003538D9 /* MockAppFlowCoordinatorDependencyProvider.swift */,
				A3F4AE2D2B783DB2003538D9 /* MockBreedCoordinatorDependencyProvider.swift */,
				A35CF4442B78C5A70001F24A /* MockBreedEndpoint.swift */,
				A35CF4482B78D9130001F24A /* MockNetworkService.swift */,
				A35CF44E2B78E09E0001F24A /* MockBreedUseCase.swift */,
				A35CF44C2B78DFD50001F24A /* MockBreedCoordinator.swift */,
			);
			path = Mocks;
			sourceTree = "<group>";
		};
/* End PBXGroup section */

/* Begin PBXNativeTarget section */
		A3F4AD812B72F85B003538D9 /* Dogtionary */ = {
			isa = PBXNativeTarget;
			buildConfigurationList = A3F4ADAC2B72F85D003538D9 /* Build configuration list for PBXNativeTarget "Dogtionary" */;
			buildPhases = (
				A3F4AD7E2B72F85B003538D9 /* Sources */,
				A3F4AD7F2B72F85B003538D9 /* Frameworks */,
				A3F4AD802B72F85B003538D9 /* Resources */,
			);
			buildRules = (
			);
			dependencies = (
			);
			name = Dogtionary;
			packageProductDependencies = (
				A3F4AE122B76C8E4003538D9 /* Kingfisher */,
			);
			productName = Dogtionary;
			productReference = A3F4AD822B72F85B003538D9 /* Dogtionary.app */;
			productType = "com.apple.product-type.application";
		};
		A3F4AD972B72F85D003538D9 /* DogtionaryTests */ = {
			isa = PBXNativeTarget;
			buildConfigurationList = A3F4ADAF2B72F85D003538D9 /* Build configuration list for PBXNativeTarget "DogtionaryTests" */;
			buildPhases = (
				A3F4AD942B72F85D003538D9 /* Sources */,
				A3F4AD952B72F85D003538D9 /* Frameworks */,
				A3F4AD962B72F85D003538D9 /* Resources */,
			);
			buildRules = (
			);
			dependencies = (
				A3F4AD9A2B72F85D003538D9 /* PBXTargetDependency */,
			);
			name = DogtionaryTests;
			productName = DogtionaryTests;
			productReference = A3F4AD982B72F85D003538D9 /* DogtionaryTests.xctest */;
			productType = "com.apple.product-type.bundle.unit-test";
		};
		A3F4ADA12B72F85D003538D9 /* DogtionaryUITests */ = {
			isa = PBXNativeTarget;
			buildConfigurationList = A3F4ADB22B72F85D003538D9 /* Build configuration list for PBXNativeTarget "DogtionaryUITests" */;
			buildPhases = (
				A3F4AD9E2B72F85D003538D9 /* Sources */,
				A3F4AD9F2B72F85D003538D9 /* Frameworks */,
				A3F4ADA02B72F85D003538D9 /* Resources */,
			);
			buildRules = (
			);
			dependencies = (
				A3F4ADA42B72F85D003538D9 /* PBXTargetDependency */,
			);
			name = DogtionaryUITests;
			productName = DogtionaryUITests;
			productReference = A3F4ADA22B72F85D003538D9 /* DogtionaryUITests.xctest */;
			productType = "com.apple.product-type.bundle.ui-testing";
		};
/* End PBXNativeTarget section */

/* Begin PBXProject section */
		A3F4AD7A2B72F85B003538D9 /* Project object */ = {
			isa = PBXProject;
			attributes = {
				BuildIndependentTargetsInParallel = 1;
				LastSwiftUpdateCheck = 1430;
				LastUpgradeCheck = 1430;
				TargetAttributes = {
					A3F4AD812B72F85B003538D9 = {
						CreatedOnToolsVersion = 14.3;
					};
					A3F4AD972B72F85D003538D9 = {
						CreatedOnToolsVersion = 14.3;
						TestTargetID = A3F4AD812B72F85B003538D9;
					};
					A3F4ADA12B72F85D003538D9 = {
						CreatedOnToolsVersion = 14.3;
						TestTargetID = A3F4AD812B72F85B003538D9;
					};
				};
			};
			buildConfigurationList = A3F4AD7D2B72F85B003538D9 /* Build configuration list for PBXProject "Dogtionary" */;
			compatibilityVersion = "Xcode 14.0";
			developmentRegion = en;
			hasScannedForEncodings = 0;
			knownRegions = (
				en,
				Base,
			);
			mainGroup = A3F4AD792B72F85B003538D9;
			packageReferences = (
				A3F4AE112B76C8E3003538D9 /* XCRemoteSwiftPackageReference "Kingfisher" */,
			);
			productRefGroup = A3F4AD832B72F85B003538D9 /* Products */;
			projectDirPath = "";
			projectRoot = "";
			targets = (
				A3F4AD812B72F85B003538D9 /* Dogtionary */,
				A3F4AD972B72F85D003538D9 /* DogtionaryTests */,
				A3F4ADA12B72F85D003538D9 /* DogtionaryUITests */,
			);
		};
/* End PBXProject section */

/* Begin PBXResourcesBuildPhase section */
		A3F4AD802B72F85B003538D9 /* Resources */ = {
			isa = PBXResourcesBuildPhase;
			buildActionMask = 2147483647;
			files = (
				A3F4AD922B72F85D003538D9 /* LaunchScreen.storyboard in Resources */,
				A3F4ADB62B72FE9D003538D9 /* .gitignore in Resources */,
				A3F4AD8F2B72F85D003538D9 /* Assets.xcassets in Resources */,
			);
			runOnlyForDeploymentPostprocessing = 0;
		};
		A3F4AD962B72F85D003538D9 /* Resources */ = {
			isa = PBXResourcesBuildPhase;
			buildActionMask = 2147483647;
			files = (
				A3F4AE392B78BBAA003538D9 /* mockUrlStrings.json in Resources */,
				A3F4AE352B78BB81003538D9 /* mockBreeds.json in Resources */,
			);
			runOnlyForDeploymentPostprocessing = 0;
		};
		A3F4ADA02B72F85D003538D9 /* Resources */ = {
			isa = PBXResourcesBuildPhase;
			buildActionMask = 2147483647;
			files = (
			);
			runOnlyForDeploymentPostprocessing = 0;
		};
/* End PBXResourcesBuildPhase section */

/* Begin PBXSourcesBuildPhase section */
		A3F4AD7E2B72F85B003538D9 /* Sources */ = {
			isa = PBXSourcesBuildPhase;
			buildActionMask = 2147483647;
			files = (
				A3F4ADE72B74FCEE003538D9 /* BreedCoordinatorDependencyProviderType.swift in Sources */,
				A3F4ADE12B74E838003538D9 /* AppFlowCoordinator.swift in Sources */,
				A3F4ADD12B73FDAD003538D9 /* BreedDetailView.swift in Sources */,
				A3F4AD8A2B72F85B003538D9 /* BreedListViewController.swift in Sources */,
				A3F4ADDF2B74E7FE003538D9 /* Coordinator.swift in Sources */,
				A3F4AD862B72F85B003538D9 /* AppDelegate.swift in Sources */,
				A3F4AD882B72F85B003538D9 /* SceneDelegate.swift in Sources */,
				A3F4ADF72B758807003538D9 /* BreedDetailViewModelType.swift in Sources */,
				A3F4AE152B76D814003538D9 /* Array+Extension.swift in Sources */,
				A3F4AE1A2B7814B7003538D9 /* BreedUseCaseType.swift in Sources */,
				A3F4AE022B768D69003538D9 /* NetworkServiceType.swift in Sources */,
				A3F4ADD32B73FDBB003538D9 /* BreedDetailViewController.swift in Sources */,
				A3F4ADCD2B73E6A4003538D9 /* BreedListViewModel.swift in Sources */,
				A3F4ADD92B73FDEB003538D9 /* BreedDetailViewModel.swift in Sources */,
				A3F4ADF52B753ABF003538D9 /* BreedListViewModelType.swift in Sources */,
				A3F4AE042B768D81003538D9 /* NetworkService.swift in Sources */,
				A3F4AE062B768D99003538D9 /* Endpoint.swift in Sources */,
				A3F4AE002B767C8D003538D9 /* BreedUserCase.swift in Sources */,
				A3F4ADCF2B73EA99003538D9 /* BreedListCellItem.swift in Sources */,
				A3F4AE0E2B768E4D003538D9 /* BreedEndpoint.swift in Sources */,
				A3F4AE082B768DB1003538D9 /* HTTPMethod.swift in Sources */,
				A3F4ADFD2B765DEC003538D9 /* String+Extension.swift in Sources */,
				A3F4ADE92B74FD8F003538D9 /* BreedCoordinatorDependencyProvider.swift in Sources */,
				A3F4ADD72B73FDE0003538D9 /* BreedDetailCellItem.swift in Sources */,
				A3F4ADDD2B742057003538D9 /* PhotoView.swift in Sources */,
				A3F4AE262B7821D0003538D9 /* BreedCoordinatorType.swift in Sources */,
				A3F4ADD52B73FDD0003538D9 /* BreedDetailCell.swift in Sources */,
				A3F4ADC92B73E2B9003538D9 /* BreedListView.swift in Sources */,
				A3F4ADE52B74FCAF003538D9 /* AppFlowCoordinatorDependencyProvider.swift in Sources */,
				A3F4ADCB2B73E312003538D9 /* BreedListCell.swift in Sources */,
				A3F4ADE32B74EC2E003538D9 /* BreedCoordinator.swift in Sources */,
				A35CF45C2B7925C50001F24A /* AccessibilityIdentifiers.swift in Sources */,
				A3F4ADF92B764398003538D9 /* Breed.swift in Sources */,
				A3F4AE0C2B768DF4003538D9 /* Publisher+Extension.swift in Sources */,
				A3F4AE0A2B768DE8003538D9 /* URLCache+Extension.swift in Sources */,
				A3F4ADDB2B74204E003538D9 /* PhotoViewController.swift in Sources */,
				A3F4AE182B77930C003538D9 /* Response.swift in Sources */,
				A35CF4542B78F1AE0001F24A /* BreedListViewModelLogic.swift in Sources */,
			);
			runOnlyForDeploymentPostprocessing = 0;
		};
		A3F4AD942B72F85D003538D9 /* Sources */ = {
			isa = PBXSourcesBuildPhase;
			buildActionMask = 2147483647;
			files = (
				A35CF4582B791D3F0001F24A /* BreedListViewModelLogicTests.swift in Sources */,
				A35CF4472B78D85F0001F24A /* BreedUseCaseTests.swift in Sources */,
				A3F4AE312B78B253003538D9 /* URLProtocolMock.swift in Sources */,
				A35CF44F2B78E09E0001F24A /* MockBreedUseCase.swift in Sources */,
				A35CF4522B78E5150001F24A /* MockData.swift in Sources */,
				A35CF4452B78C5A70001F24A /* MockBreedEndpoint.swift in Sources */,
				A3F4AE2C2B783CC6003538D9 /* BreedCoordinatorTests.swift in Sources */,
				A3F4AE2E2B783DB2003538D9 /* MockBreedCoordinatorDependencyProvider.swift in Sources */,
				A35CF44B2B78DEF80001F24A /* BreedListViewModelTests.swift in Sources */,
				A3F4AE2A2B782DEE003538D9 /* MockAppFlowCoordinatorDependencyProvider.swift in Sources */,
				A35CF44D2B78DFD50001F24A /* MockBreedCoordinator.swift in Sources */,
				A35CF4562B7917BB0001F24A /* BreedDetailViewModelTests.swift in Sources */,
				A35CF4492B78D9130001F24A /* MockNetworkService.swift in Sources */,
				A3F4AE332B78B419003538D9 /* NetworkServiceTests.swift in Sources */,
				A3F4AE282B782D1C003538D9 /* AppFlowCoordinatorTests.swift in Sources */,
			);
			runOnlyForDeploymentPostprocessing = 0;
		};
		A3F4AD9E2B72F85D003538D9 /* Sources */ = {
			isa = PBXSourcesBuildPhase;
			buildActionMask = 2147483647;
			files = (
				A3F4ADA92B72F85D003538D9 /* DogtionaryUITestsLaunchTests.swift in Sources */,
				A334F4142B793DB900B0EBBC /* PhotoViewUITests.swift in Sources */,
				A35CF45A2B79251E0001F24A /* BreedDetailViewUITests.swift in Sources */,
				A3F4ADA72B72F85D003538D9 /* BreedListViewUITests.swift in Sources */,
				A35CF45D2B79284D0001F24A /* AccessibilityIdentifiers.swift in Sources */,
			);
			runOnlyForDeploymentPostprocessing = 0;
		};
/* End PBXSourcesBuildPhase section */

/* Begin PBXTargetDependency section */
		A3F4AD9A2B72F85D003538D9 /* PBXTargetDependency */ = {
			isa = PBXTargetDependency;
			target = A3F4AD812B72F85B003538D9 /* Dogtionary */;
			targetProxy = A3F4AD992B72F85D003538D9 /* PBXContainerItemProxy */;
		};
		A3F4ADA42B72F85D003538D9 /* PBXTargetDependency */ = {
			isa = PBXTargetDependency;
			target = A3F4AD812B72F85B003538D9 /* Dogtionary */;
			targetProxy = A3F4ADA32B72F85D003538D9 /* PBXContainerItemProxy */;
		};
/* End PBXTargetDependency section */

/* Begin PBXVariantGroup section */
		A3F4AD902B72F85D003538D9 /* LaunchScreen.storyboard */ = {
			isa = PBXVariantGroup;
			children = (
				A3F4AD912B72F85D003538D9 /* Base */,
			);
			name = LaunchScreen.storyboard;
			sourceTree = "<group>";
		};
/* End PBXVariantGroup section */

/* Begin XCBuildConfiguration section */
		A3F4ADAA2B72F85D003538D9 /* Debug */ = {
			isa = XCBuildConfiguration;
			buildSettings = {
				ALWAYS_SEARCH_USER_PATHS = NO;
				CLANG_ANALYZER_NONNULL = YES;
				CLANG_ANALYZER_NUMBER_OBJECT_CONVERSION = YES_AGGRESSIVE;
				CLANG_CXX_LANGUAGE_STANDARD = "gnu++20";
				CLANG_ENABLE_MODULES = YES;
				CLANG_ENABLE_OBJC_ARC = YES;
				CLANG_ENABLE_OBJC_WEAK = YES;
				CLANG_WARN_BLOCK_CAPTURE_AUTORELEASING = YES;
				CLANG_WARN_BOOL_CONVERSION = YES;
				CLANG_WARN_COMMA = YES;
				CLANG_WARN_CONSTANT_CONVERSION = YES;
				CLANG_WARN_DEPRECATED_OBJC_IMPLEMENTATIONS = YES;
				CLANG_WARN_DIRECT_OBJC_ISA_USAGE = YES_ERROR;
				CLANG_WARN_DOCUMENTATION_COMMENTS = YES;
				CLANG_WARN_EMPTY_BODY = YES;
				CLANG_WARN_ENUM_CONVERSION = YES;
				CLANG_WARN_INFINITE_RECURSION = YES;
				CLANG_WARN_INT_CONVERSION = YES;
				CLANG_WARN_NON_LITERAL_NULL_CONVERSION = YES;
				CLANG_WARN_OBJC_IMPLICIT_RETAIN_SELF = YES;
				CLANG_WARN_OBJC_LITERAL_CONVERSION = YES;
				CLANG_WARN_OBJC_ROOT_CLASS = YES_ERROR;
				CLANG_WARN_QUOTED_INCLUDE_IN_FRAMEWORK_HEADER = YES;
				CLANG_WARN_RANGE_LOOP_ANALYSIS = YES;
				CLANG_WARN_STRICT_PROTOTYPES = YES;
				CLANG_WARN_SUSPICIOUS_MOVE = YES;
				CLANG_WARN_UNGUARDED_AVAILABILITY = YES_AGGRESSIVE;
				CLANG_WARN_UNREACHABLE_CODE = YES;
				CLANG_WARN__DUPLICATE_METHOD_MATCH = YES;
				COPY_PHASE_STRIP = NO;
				DEBUG_INFORMATION_FORMAT = dwarf;
				ENABLE_STRICT_OBJC_MSGSEND = YES;
				ENABLE_TESTABILITY = YES;
				GCC_C_LANGUAGE_STANDARD = gnu11;
				GCC_DYNAMIC_NO_PIC = NO;
				GCC_NO_COMMON_BLOCKS = YES;
				GCC_OPTIMIZATION_LEVEL = 0;
				GCC_PREPROCESSOR_DEFINITIONS = (
					"DEBUG=1",
					"$(inherited)",
				);
				GCC_WARN_64_TO_32_BIT_CONVERSION = YES;
				GCC_WARN_ABOUT_RETURN_TYPE = YES_ERROR;
				GCC_WARN_UNDECLARED_SELECTOR = YES;
				GCC_WARN_UNINITIALIZED_AUTOS = YES_AGGRESSIVE;
				GCC_WARN_UNUSED_FUNCTION = YES;
				GCC_WARN_UNUSED_VARIABLE = YES;
				IPHONEOS_DEPLOYMENT_TARGET = 15.0;
				MTL_ENABLE_DEBUG_INFO = INCLUDE_SOURCE;
				MTL_FAST_MATH = YES;
				ONLY_ACTIVE_ARCH = YES;
				SDKROOT = iphoneos;
				SWIFT_ACTIVE_COMPILATION_CONDITIONS = DEBUG;
				SWIFT_OPTIMIZATION_LEVEL = "-Onone";
			};
			name = Debug;
		};
		A3F4ADAB2B72F85D003538D9 /* Release */ = {
			isa = XCBuildConfiguration;
			buildSettings = {
				ALWAYS_SEARCH_USER_PATHS = NO;
				CLANG_ANALYZER_NONNULL = YES;
				CLANG_ANALYZER_NUMBER_OBJECT_CONVERSION = YES_AGGRESSIVE;
				CLANG_CXX_LANGUAGE_STANDARD = "gnu++20";
				CLANG_ENABLE_MODULES = YES;
				CLANG_ENABLE_OBJC_ARC = YES;
				CLANG_ENABLE_OBJC_WEAK = YES;
				CLANG_WARN_BLOCK_CAPTURE_AUTORELEASING = YES;
				CLANG_WARN_BOOL_CONVERSION = YES;
				CLANG_WARN_COMMA = YES;
				CLANG_WARN_CONSTANT_CONVERSION = YES;
				CLANG_WARN_DEPRECATED_OBJC_IMPLEMENTATIONS = YES;
				CLANG_WARN_DIRECT_OBJC_ISA_USAGE = YES_ERROR;
				CLANG_WARN_DOCUMENTATION_COMMENTS = YES;
				CLANG_WARN_EMPTY_BODY = YES;
				CLANG_WARN_ENUM_CONVERSION = YES;
				CLANG_WARN_INFINITE_RECURSION = YES;
				CLANG_WARN_INT_CONVERSION = YES;
				CLANG_WARN_NON_LITERAL_NULL_CONVERSION = YES;
				CLANG_WARN_OBJC_IMPLICIT_RETAIN_SELF = YES;
				CLANG_WARN_OBJC_LITERAL_CONVERSION = YES;
				CLANG_WARN_OBJC_ROOT_CLASS = YES_ERROR;
				CLANG_WARN_QUOTED_INCLUDE_IN_FRAMEWORK_HEADER = YES;
				CLANG_WARN_RANGE_LOOP_ANALYSIS = YES;
				CLANG_WARN_STRICT_PROTOTYPES = YES;
				CLANG_WARN_SUSPICIOUS_MOVE = YES;
				CLANG_WARN_UNGUARDED_AVAILABILITY = YES_AGGRESSIVE;
				CLANG_WARN_UNREACHABLE_CODE = YES;
				CLANG_WARN__DUPLICATE_METHOD_MATCH = YES;
				COPY_PHASE_STRIP = NO;
				DEBUG_INFORMATION_FORMAT = "dwarf-with-dsym";
				ENABLE_NS_ASSERTIONS = NO;
				ENABLE_STRICT_OBJC_MSGSEND = YES;
				GCC_C_LANGUAGE_STANDARD = gnu11;
				GCC_NO_COMMON_BLOCKS = YES;
				GCC_WARN_64_TO_32_BIT_CONVERSION = YES;
				GCC_WARN_ABOUT_RETURN_TYPE = YES_ERROR;
				GCC_WARN_UNDECLARED_SELECTOR = YES;
				GCC_WARN_UNINITIALIZED_AUTOS = YES_AGGRESSIVE;
				GCC_WARN_UNUSED_FUNCTION = YES;
				GCC_WARN_UNUSED_VARIABLE = YES;
				IPHONEOS_DEPLOYMENT_TARGET = 15.0;
				MTL_ENABLE_DEBUG_INFO = NO;
				MTL_FAST_MATH = YES;
				SDKROOT = iphoneos;
				SWIFT_COMPILATION_MODE = wholemodule;
				SWIFT_OPTIMIZATION_LEVEL = "-O";
				VALIDATE_PRODUCT = YES;
			};
			name = Release;
		};
		A3F4ADAD2B72F85D003538D9 /* Debug */ = {
			isa = XCBuildConfiguration;
			buildSettings = {
				ASSETCATALOG_COMPILER_APPICON_NAME = AppIcon;
				ASSETCATALOG_COMPILER_GLOBAL_ACCENT_COLOR_NAME = AccentColor;
				CODE_SIGN_STYLE = Automatic;
				CURRENT_PROJECT_VERSION = 1;
				DEVELOPMENT_TEAM = 6F36WQVB42;
				GENERATE_INFOPLIST_FILE = YES;
				INFOPLIST_FILE = Dogtionary/Info.plist;
				INFOPLIST_KEY_UIApplicationSupportsIndirectInputEvents = YES;
				INFOPLIST_KEY_UILaunchStoryboardName = LaunchScreen;
				INFOPLIST_KEY_UIMainStoryboardFile = "";
				INFOPLIST_KEY_UISupportedInterfaceOrientations_iPad = "UIInterfaceOrientationPortrait UIInterfaceOrientationPortraitUpsideDown UIInterfaceOrientationLandscapeLeft UIInterfaceOrientationLandscapeRight";
				INFOPLIST_KEY_UISupportedInterfaceOrientations_iPhone = "UIInterfaceOrientationPortrait UIInterfaceOrientationLandscapeLeft UIInterfaceOrientationLandscapeRight";
				LD_RUNPATH_SEARCH_PATHS = (
					"$(inherited)",
					"@executable_path/Frameworks",
				);
				MARKETING_VERSION = 1.0;
				PRODUCT_BUNDLE_IDENTIFIER = myunghoonso.Dogtionary;
				PRODUCT_NAME = "$(TARGET_NAME)";
				SWIFT_EMIT_LOC_STRINGS = YES;
				SWIFT_VERSION = 5.0;
				TARGETED_DEVICE_FAMILY = "1,2";
			};
			name = Debug;
		};
		A3F4ADAE2B72F85D003538D9 /* Release */ = {
			isa = XCBuildConfiguration;
			buildSettings = {
				ASSETCATALOG_COMPILER_APPICON_NAME = AppIcon;
				ASSETCATALOG_COMPILER_GLOBAL_ACCENT_COLOR_NAME = AccentColor;
				CODE_SIGN_STYLE = Automatic;
				CURRENT_PROJECT_VERSION = 1;
				DEVELOPMENT_TEAM = 6F36WQVB42;
				GENERATE_INFOPLIST_FILE = YES;
				INFOPLIST_FILE = Dogtionary/Info.plist;
				INFOPLIST_KEY_UIApplicationSupportsIndirectInputEvents = YES;
				INFOPLIST_KEY_UILaunchStoryboardName = LaunchScreen;
				INFOPLIST_KEY_UIMainStoryboardFile = "";
				INFOPLIST_KEY_UISupportedInterfaceOrientations_iPad = "UIInterfaceOrientationPortrait UIInterfaceOrientationPortraitUpsideDown UIInterfaceOrientationLandscapeLeft UIInterfaceOrientationLandscapeRight";
				INFOPLIST_KEY_UISupportedInterfaceOrientations_iPhone = "UIInterfaceOrientationPortrait UIInterfaceOrientationLandscapeLeft UIInterfaceOrientationLandscapeRight";
				LD_RUNPATH_SEARCH_PATHS = (
					"$(inherited)",
					"@executable_path/Frameworks",
				);
				MARKETING_VERSION = 1.0;
				PRODUCT_BUNDLE_IDENTIFIER = myunghoonso.Dogtionary;
				PRODUCT_NAME = "$(TARGET_NAME)";
				SWIFT_EMIT_LOC_STRINGS = YES;
				SWIFT_VERSION = 5.0;
				TARGETED_DEVICE_FAMILY = "1,2";
			};
			name = Release;
		};
		A3F4ADB02B72F85D003538D9 /* Debug */ = {
			isa = XCBuildConfiguration;
			buildSettings = {
				ALWAYS_EMBED_SWIFT_STANDARD_LIBRARIES = YES;
				BUNDLE_LOADER = "$(TEST_HOST)";
				CODE_SIGN_STYLE = Automatic;
				CURRENT_PROJECT_VERSION = 1;
				DEVELOPMENT_TEAM = 6F36WQVB42;
				GENERATE_INFOPLIST_FILE = YES;
				IPHONEOS_DEPLOYMENT_TARGET = 15.0;
				MARKETING_VERSION = 1.0;
				PRODUCT_BUNDLE_IDENTIFIER = myunghoonso.DogtionaryTests;
				PRODUCT_NAME = "$(TARGET_NAME)";
				SWIFT_EMIT_LOC_STRINGS = NO;
				SWIFT_VERSION = 5.0;
				TARGETED_DEVICE_FAMILY = "1,2";
				TEST_HOST = "$(BUILT_PRODUCTS_DIR)/Dogtionary.app/$(BUNDLE_EXECUTABLE_FOLDER_PATH)/Dogtionary";
			};
			name = Debug;
		};
		A3F4ADB12B72F85D003538D9 /* Release */ = {
			isa = XCBuildConfiguration;
			buildSettings = {
				ALWAYS_EMBED_SWIFT_STANDARD_LIBRARIES = YES;
				BUNDLE_LOADER = "$(TEST_HOST)";
				CODE_SIGN_STYLE = Automatic;
				CURRENT_PROJECT_VERSION = 1;
				DEVELOPMENT_TEAM = 6F36WQVB42;
				GENERATE_INFOPLIST_FILE = YES;
				IPHONEOS_DEPLOYMENT_TARGET = 15.0;
				MARKETING_VERSION = 1.0;
				PRODUCT_BUNDLE_IDENTIFIER = myunghoonso.DogtionaryTests;
				PRODUCT_NAME = "$(TARGET_NAME)";
				SWIFT_EMIT_LOC_STRINGS = NO;
				SWIFT_VERSION = 5.0;
				TARGETED_DEVICE_FAMILY = "1,2";
				TEST_HOST = "$(BUILT_PRODUCTS_DIR)/Dogtionary.app/$(BUNDLE_EXECUTABLE_FOLDER_PATH)/Dogtionary";
			};
			name = Release;
		};
		A3F4ADB32B72F85D003538D9 /* Debug */ = {
			isa = XCBuildConfiguration;
			buildSettings = {
				ALWAYS_EMBED_SWIFT_STANDARD_LIBRARIES = YES;
				CODE_SIGN_STYLE = Automatic;
				CURRENT_PROJECT_VERSION = 1;
				DEVELOPMENT_TEAM = 6F36WQVB42;
				GENERATE_INFOPLIST_FILE = YES;
				MARKETING_VERSION = 1.0;
				PRODUCT_BUNDLE_IDENTIFIER = myunghoonso.DogtionaryUITests;
				PRODUCT_NAME = "$(TARGET_NAME)";
				SWIFT_EMIT_LOC_STRINGS = NO;
				SWIFT_VERSION = 5.0;
				TARGETED_DEVICE_FAMILY = "1,2";
				TEST_TARGET_NAME = Dogtionary;
			};
			name = Debug;
		};
		A3F4ADB42B72F85D003538D9 /* Release */ = {
			isa = XCBuildConfiguration;
			buildSettings = {
				ALWAYS_EMBED_SWIFT_STANDARD_LIBRARIES = YES;
				CODE_SIGN_STYLE = Automatic;
				CURRENT_PROJECT_VERSION = 1;
				DEVELOPMENT_TEAM = 6F36WQVB42;
				GENERATE_INFOPLIST_FILE = YES;
				MARKETING_VERSION = 1.0;
				PRODUCT_BUNDLE_IDENTIFIER = myunghoonso.DogtionaryUITests;
				PRODUCT_NAME = "$(TARGET_NAME)";
				SWIFT_EMIT_LOC_STRINGS = NO;
				SWIFT_VERSION = 5.0;
				TARGETED_DEVICE_FAMILY = "1,2";
				TEST_TARGET_NAME = Dogtionary;
			};
			name = Release;
		};
/* End XCBuildConfiguration section */

/* Begin XCConfigurationList section */
		A3F4AD7D2B72F85B003538D9 /* Build configuration list for PBXProject "Dogtionary" */ = {
			isa = XCConfigurationList;
			buildConfigurations = (
				A3F4ADAA2B72F85D003538D9 /* Debug */,
				A3F4ADAB2B72F85D003538D9 /* Release */,
			);
			defaultConfigurationIsVisible = 0;
			defaultConfigurationName = Release;
		};
		A3F4ADAC2B72F85D003538D9 /* Build configuration list for PBXNativeTarget "Dogtionary" */ = {
			isa = XCConfigurationList;
			buildConfigurations = (
				A3F4ADAD2B72F85D003538D9 /* Debug */,
				A3F4ADAE2B72F85D003538D9 /* Release */,
			);
			defaultConfigurationIsVisible = 0;
			defaultConfigurationName = Release;
		};
		A3F4ADAF2B72F85D003538D9 /* Build configuration list for PBXNativeTarget "DogtionaryTests" */ = {
			isa = XCConfigurationList;
			buildConfigurations = (
				A3F4ADB02B72F85D003538D9 /* Debug */,
				A3F4ADB12B72F85D003538D9 /* Release */,
			);
			defaultConfigurationIsVisible = 0;
			defaultConfigurationName = Release;
		};
		A3F4ADB22B72F85D003538D9 /* Build configuration list for PBXNativeTarget "DogtionaryUITests" */ = {
			isa = XCConfigurationList;
			buildConfigurations = (
				A3F4ADB32B72F85D003538D9 /* Debug */,
				A3F4ADB42B72F85D003538D9 /* Release */,
			);
			defaultConfigurationIsVisible = 0;
			defaultConfigurationName = Release;
		};
/* End XCConfigurationList section */

/* Begin XCRemoteSwiftPackageReference section */
		A3F4AE112B76C8E3003538D9 /* XCRemoteSwiftPackageReference "Kingfisher" */ = {
			isa = XCRemoteSwiftPackageReference;
			repositoryURL = "https://github.com/onevcat/Kingfisher.git";
			requirement = {
				kind = upToNextMajorVersion;
				minimumVersion = 7.0.0;
			};
		};
/* End XCRemoteSwiftPackageReference section */

/* Begin XCSwiftPackageProductDependency section */
		A3F4AE122B76C8E4003538D9 /* Kingfisher */ = {
			isa = XCSwiftPackageProductDependency;
			package = A3F4AE112B76C8E3003538D9 /* XCRemoteSwiftPackageReference "Kingfisher" */;
			productName = Kingfisher;
		};
/* End XCSwiftPackageProductDependency section */
	};
	rootObject = A3F4AD7A2B72F85B003538D9 /* Project object */;
}
